<?xml version="1.0" encoding="utf-8"?>
<Project ToolsVersion="4.0" xmlns="http://schemas.microsoft.com/developer/msbuild/2003">
  <ItemGroup>
    <Filter Include="Archivos de encabezado">
      <UniqueIdentifier>{93995380-89BD-4b04-88EB-625FBE52EBFB}</UniqueIdentifier>
      <Extensions>h;hpp;hxx;hm;inl;inc;xsd</Extensions>
    </Filter>
    <Filter Include="Archivos de recursos">
      <UniqueIdentifier>{67DA6AB6-F800-4c08-8B7A-83BB121AAD01}</UniqueIdentifier>
      <Extensions>rc;ico;cur;bmp;dlg;rc2;rct;bin;rgs;gif;jpg;jpeg;jpe;resx;tiff;tif;png;wav</Extensions>
    </Filter>
    <Filter Include="Archivos de código fuente">
      <UniqueIdentifier>{61661534-844e-412a-93d2-23a9cd3c270d}</UniqueIdentifier>
    </Filter>
    <Filter Include="Testeo">
      <UniqueIdentifier>{8bd330d7-5017-45f8-a695-d2fe368a1d5b}</UniqueIdentifier>
    </Filter>
  </ItemGroup>
  <ItemGroup>
    <ClCompile Include="..\source\src\Anim2D.cpp">
      <Filter>Archivos de código fuente</Filter>
    </ClCompile>
    <ClCompile Include="..\source\src\tileSet.cpp">
      <Filter>Archivos de código fuente</Filter>
    </ClCompile>
    <ClCompile Include="..\source\src\Bgm.cpp">
      <Filter>Archivos de código fuente</Filter>
    </ClCompile>
    <ClCompile Include="..\source\src\Canvas.cpp">
      <Filter>Archivos de código fuente</Filter>
    </ClCompile>
    <ClCompile Include="..\source\src\Color.cpp">
      <Filter>Archivos de código fuente</Filter>
    </ClCompile>
    <ClCompile Include="..\source\src\EngineManager.cpp">
      <Filter>Archivos de código fuente</Filter>
    </ClCompile>
    <ClCompile Include="..\source\src\Entity.cpp">
      <Filter>Archivos de código fuente</Filter>
    </ClCompile>
    <ClCompile Include="..\source\src\FrameControl.cpp">
      <Filter>Archivos de código fuente</Filter>
    </ClCompile>
    <ClCompile Include="..\source\src\Game.cpp">
      <Filter>Archivos de código fuente</Filter>
    </ClCompile>
    <ClCompile Include="..\source\src\GameState.cpp">
      <Filter>Archivos de código fuente</Filter>
    </ClCompile>
    <ClCompile Include="..\source\src\GfxEngine.cpp">
      <Filter>Archivos de código fuente</Filter>
    </ClCompile>
    <ClCompile Include="..\source\src\GraphicList.cpp">
      <Filter>Archivos de código fuente</Filter>
    </ClCompile>
    <ClCompile Include="..\source\src\Image.cpp">
      <Filter>Archivos de código fuente</Filter>
    </ClCompile>
    <ClCompile Include="..\source\src\Input.cpp">
      <Filter>Archivos de código fuente</Filter>
    </ClCompile>
    <ClCompile Include="..\source\src\Logger.cpp">
      <Filter>Archivos de código fuente</Filter>
    </ClCompile>
    <ClCompile Include="..\source\src\Map.cpp">
      <Filter>Archivos de código fuente</Filter>
    </ClCompile>
    <ClCompile Include="..\source\src\Mask.cpp">
      <Filter>Archivos de código fuente</Filter>
    </ClCompile>
    <ClCompile Include="..\source\src\MaskBox.cpp">
      <Filter>Archivos de código fuente</Filter>
    </ClCompile>
    <ClCompile Include="..\source\src\MaskCircle.cpp">
      <Filter>Archivos de código fuente</Filter>
    </ClCompile>
    <ClCompile Include="..\source\src\MaskList.cpp">
      <Filter>Archivos de código fuente</Filter>
    </ClCompile>
    <ClCompile Include="..\source\src\Music.cpp">
      <Filter>Archivos de código fuente</Filter>
    </ClCompile>
    <ClCompile Include="..\source\src\MusicManager.cpp">
      <Filter>Archivos de código fuente</Filter>
    </ClCompile>
    <ClCompile Include="..\source\src\MusicManagerItem.cpp">
      <Filter>Archivos de código fuente</Filter>
    </ClCompile>
    <ClCompile Include="..\source\src\Sfx.cpp">
      <Filter>Archivos de código fuente</Filter>
    </ClCompile>
    <ClCompile Include="..\source\src\SolidGrid.cpp">
      <Filter>Archivos de código fuente</Filter>
    </ClCompile>
    <ClCompile Include="..\source\src\Sound.cpp">
      <Filter>Archivos de código fuente</Filter>
    </ClCompile>
    <ClCompile Include="..\source\src\SoundEngine.cpp">
      <Filter>Archivos de código fuente</Filter>
    </ClCompile>
    <ClCompile Include="..\source\src\SoundManager.cpp">
      <Filter>Archivos de código fuente</Filter>
    </ClCompile>
    <ClCompile Include="..\source\src\SoundManagerItem.cpp">
      <Filter>Archivos de código fuente</Filter>
    </ClCompile>
    <ClCompile Include="..\source\src\SpriteMap.cpp">
      <Filter>Archivos de código fuente</Filter>
    </ClCompile>
    <ClCompile Include="..\source\src\Stamp.cpp">
      <Filter>Archivos de código fuente</Filter>
    </ClCompile>
    <ClCompile Include="..\source\src\SurfaceManager.cpp">
      <Filter>Archivos de código fuente</Filter>
    </ClCompile>
    <ClCompile Include="..\source\src\SurfaceManagerItem.cpp">
      <Filter>Archivos de código fuente</Filter>
    </ClCompile>
    <ClCompile Include="..\source\src\TileMap.cpp">
      <Filter>Archivos de código fuente</Filter>
    </ClCompile>
    <ClCompile Include="..\source\testeo\Astrocat.cpp">
      <Filter>Testeo</Filter>
    </ClCompile>
    <ClCompile Include="..\source\testeo\main.cpp">
      <Filter>Testeo</Filter>
    </ClCompile>
    <ClCompile Include="..\source\src\Graphic.cpp">
      <Filter>Archivos de código fuente</Filter>
    </ClCompile>
  </ItemGroup>
  <ItemGroup>
    <ClInclude Include="..\source\include\Anim.h">
      <Filter>Archivos de encabezado</Filter>
    </ClInclude>
    <ClInclude Include="..\source\include\TileSet.h">
      <Filter>Archivos de encabezado</Filter>
    </ClInclude>
    <ClInclude Include="..\source\include\Anim2D.h">
      <Filter>Archivos de encabezado</Filter>
    </ClInclude>
    <ClInclude Include="..\source\include\Bgm.h">
      <Filter>Archivos de encabezado</Filter>
    </ClInclude>
    <ClInclude Include="..\source\include\Canvas.h">
      <Filter>Archivos de encabezado</Filter>
    </ClInclude>
    <ClInclude Include="..\source\include\Color.h">
      <Filter>Archivos de encabezado</Filter>
    </ClInclude>
    <ClInclude Include="..\source\include\EngineManager.h">
      <Filter>Archivos de encabezado</Filter>
    </ClInclude>
    <ClInclude Include="..\source\include\Entity.h">
      <Filter>Archivos de encabezado</Filter>
    </ClInclude>
    <ClInclude Include="..\source\include\FrameControl.h">
      <Filter>Archivos de encabezado</Filter>
    </ClInclude>
    <ClInclude Include="..\source\include\Game.h">
      <Filter>Archivos de encabezado</Filter>
    </ClInclude>
    <ClInclude Include="..\source\include\GameState.h">
      <Filter>Archivos de encabezado</Filter>
    </ClInclude>
    <ClInclude Include="..\source\include\GfxEngine.h">
      <Filter>Archivos de encabezado</Filter>
    </ClInclude>
    <ClInclude Include="..\source\include\Graphic.h">
      <Filter>Archivos de encabezado</Filter>
    </ClInclude>
    <ClInclude Include="..\source\include\GraphicList.h">
      <Filter>Archivos de encabezado</Filter>
    </ClInclude>
    <ClInclude Include="..\source\include\Image.h">
      <Filter>Archivos de encabezado</Filter>
    </ClInclude>
    <ClInclude Include="..\source\include\Input.h">
      <Filter>Archivos de encabezado</Filter>
    </ClInclude>
    <ClInclude Include="..\source\include\Logger.h">
      <Filter>Archivos de encabezado</Filter>
    </ClInclude>
    <ClInclude Include="..\source\include\Map.h">
      <Filter>Archivos de encabezado</Filter>
    </ClInclude>
    <ClInclude Include="..\source\include\Mask.h">
      <Filter>Archivos de encabezado</Filter>
    </ClInclude>
    <ClInclude Include="..\source\include\MaskBox.h">
      <Filter>Archivos de encabezado</Filter>
    </ClInclude>
    <ClInclude Include="..\source\include\MaskCircle.h">
      <Filter>Archivos de encabezado</Filter>
    </ClInclude>
    <ClInclude Include="..\source\include\MaskList.h">
      <Filter>Archivos de encabezado</Filter>
    </ClInclude>
    <ClInclude Include="..\source\include\Music.h">
      <Filter>Archivos de encabezado</Filter>
    </ClInclude>
    <ClInclude Include="..\source\include\MusicManager.h">
      <Filter>Archivos de encabezado</Filter>
    </ClInclude>
    <ClInclude Include="..\source\include\MusicManagerItem.h">
      <Filter>Archivos de encabezado</Filter>
    </ClInclude>
    <ClInclude Include="..\source\include\Sfx.h">
      <Filter>Archivos de encabezado</Filter>
    </ClInclude>
    <ClInclude Include="..\source\include\SolidGrid.h">
      <Filter>Archivos de encabezado</Filter>
    </ClInclude>
    <ClInclude Include="..\source\include\Sound.h">
      <Filter>Archivos de encabezado</Filter>
    </ClInclude>
    <ClInclude Include="..\source\include\SoundEngine.h">
      <Filter>Archivos de encabezado</Filter>
    </ClInclude>
    <ClInclude Include="..\source\include\SoundManager.h">
      <Filter>Archivos de encabezado</Filter>
    </ClInclude>
    <ClInclude Include="..\source\include\SoundManagerItem.h">
      <Filter>Archivos de encabezado</Filter>
    </ClInclude>
    <ClInclude Include="..\source\include\SpriteMap.h">
      <Filter>Archivos de encabezado</Filter>
    </ClInclude>
    <ClInclude Include="..\source\include\Stamp.h">
      <Filter>Archivos de encabezado</Filter>
    </ClInclude>
    <ClInclude Include="..\source\include\SurfaceManager.h">
      <Filter>Archivos de encabezado</Filter>
    </ClInclude>
    <ClInclude Include="..\source\include\SurfaceManagerItem.h">
      <Filter>Archivos de encabezado</Filter>
    </ClInclude>
    <ClInclude Include="..\source\include\TileMap.h">
      <Filter>Archivos de encabezado</Filter>
    </ClInclude>
    <ClInclude Include="..\source\testeo\Astrocat.h">
      <Filter>Testeo</Filter>
    </ClInclude>
    <ClInclude Include="..\source\testeo\OneGame.h">
      <Filter>Testeo</Filter>
    </ClInclude>
    <ClInclude Include="..\source\testeo\OneLevel.h">
      <Filter>Testeo</Filter>
    </ClInclude>
    <ClInclude Include="..\source\testeo\particle.h">
      <Filter>Testeo</Filter>
    </ClInclude>
    <ClInclude Include="..\source\testeo\SpaceBullet.h">
      <Filter>Testeo</Filter>
    </ClInclude>
    <ClInclude Include="..\source\testeo\SpaceDude.h">
      <Filter>Testeo</Filter>
    </ClInclude>
  </ItemGroup>
</Project>