<?xml version="1.0" encoding="UTF-8" standalone="yes" ?>
<CodeBlocks_project_file>
	<FileVersion major="1" minor="6" />
	<Project>
		<Option title="PGZ" />
		<Option pch_mode="2" />
		<Option compiler="gcc" />
		<Build>
			<Target title="Debug">
				<Option output="bin\Debug\PGZ" prefix_auto="1" extension_auto="1" />
				<Option object_output="obj\Debug\" />
				<Option type="1" />
				<Option compiler="gcc" />
				<Compiler>
					<Add option="-g" />
					<Add option="-DSFML_STATIC" />
					<Add directory="..\source\lib\include" />
					<Add directory="..\source\include" />
					<Add directory="..\source\testeo" />
					<Add directory="..\source\lib\libs-mingw\include" />
				</Compiler>
				<Linker>
					<Add option="-lsfml-audio-s-d" />
					<Add option="-lsfml-main-d" />
					<Add option="-lsfml-network-s-d" />
					<Add option="-lsfml-graphics-s-d" />
					<Add option="-lsfml-window-s-d" />
					<Add option="-lsfml-system-s-d" />
					<Add option="-ljpeg" />
					<Add option="-lfreetype" />
					<Add option="-lsndfile" />
					<Add option="-lopenal32" />
					<Add option="-lglew" />
					<Add directory="..\source\lib\cbdebug" />
					<Add directory="..\source\lib\libs-mingw\libs" />
				</Linker>
			</Target>
			<Target title="Release">
				<Option output="bin\Release\PGZ" prefix_auto="1" extension_auto="1" />
				<Option object_output="obj\Release\" />
				<Option type="1" />
				<Option compiler="gcc" />
				<Compiler>
					<Add option="-O2" />
					<Add directory="..\source\lib\cbdebug" />
					<Add directory="..\source\lib\include" />
					<Add directory="..\source\include" />
					<Add directory="..\source\testeo" />
				</Compiler>
				<Linker>
					<Add option="-s" />
					<Add directory="..\source\lib\cbdebug" />
					<Add directory="..\source\lib\include" />
					<Add directory="..\source\include" />
					<Add directory="..\source\testeo" />
				</Linker>
			</Target>
		</Build>
		<Compiler>
			<Add option="-Wall" />
			<Add option="-fexceptions" />
			<Add directory="..\source\lib\cbdebug" />
			<Add directory="..\source\lib\include" />
			<Add directory="..\source\include" />
			<Add directory="..\source\testeo" />
		</Compiler>
		<Linker>
			<Add directory="..\source\lib\cbdebug" />
			<Add directory="..\source\lib\include" />
			<Add directory="..\source\include" />
			<Add directory="..\source\testeo" />
		</Linker>
		<Unit filename="..\source\include\Anim.h" />
		<Unit filename="..\source\include\Anim2D.h" />
		<Unit filename="..\source\include\BGM.h" />
		<Unit filename="..\source\include\Canvas.h" />
		<Unit filename="..\source\include\Color.h" />
		<Unit filename="..\source\include\EngineManager.h" />
		<Unit filename="..\source\include\Entity.h" />
		<Unit filename="..\source\include\FrameControl.h" />
		<Unit filename="..\source\include\Game.h" />
		<Unit filename="..\source\include\GameState.h" />
		<Unit filename="..\source\include\GfxEngine.h" />
		<Unit filename="..\source\include\Graphic.h" />
		<Unit filename="..\source\include\GraphicList.h" />
		<Unit filename="..\source\include\Image.h" />
		<Unit filename="..\source\include\Input.h" />
		<Unit filename="..\source\include\Logger.h" />
		<Unit filename="..\source\include\Map.h" />
		<Unit filename="..\source\include\Mask.h" />
		<Unit filename="..\source\include\MaskBox.h" />
		<Unit filename="..\source\include\MaskCircle.h" />
		<Unit filename="..\source\include\MaskList.h" />
		<Unit filename="..\source\include\Music.h" />
		<Unit filename="..\source\include\MusicManager.h" />
		<Unit filename="..\source\include\MusicManagerItem.h" />
		<Unit filename="..\source\include\Sfx.h" />
		<Unit filename="..\source\include\SolidGrid.h" />
		<Unit filename="..\source\include\Sound.h" />
		<Unit filename="..\source\include\SoundEngine.h" />
		<Unit filename="..\source\include\SoundManager.h" />
		<Unit filename="..\source\include\SoundManagerItem.h" />
		<Unit filename="..\source\include\SpriteMap.h" />
		<Unit filename="..\source\include\Stamp.h" />
		<Unit filename="..\source\include\SurfaceManager.h" />
		<Unit filename="..\source\include\SurfaceManagerItem.h" />
		<Unit filename="..\source\include\TileMap.h" />
		<Unit filename="..\source\include\TileSet.h" />
		<Unit filename="..\source\src\Anim2D.cpp" />
		<Unit filename="..\source\src\BGM.cpp" />
		<Unit filename="..\source\src\Canvas.cpp" />
		<Unit filename="..\source\src\Color.cpp" />
		<Unit filename="..\source\src\EngineManager.cpp" />
		<Unit filename="..\source\src\Entity.cpp" />
		<Unit filename="..\source\src\FrameControl.cpp" />
		<Unit filename="..\source\src\Game.cpp" />
		<Unit filename="..\source\src\GameState.cpp" />
		<Unit filename="..\source\src\GfxEngine.cpp" />
		<Unit filename="..\source\src\Graphic.cpp" />
		<Unit filename="..\source\src\GraphicList.cpp" />
		<Unit filename="..\source\src\Image.cpp" />
		<Unit filename="..\source\src\Input.cpp" />
		<Unit filename="..\source\src\Logger.cpp" />
		<Unit filename="..\source\src\Map.cpp" />
		<Unit filename="..\source\src\Mask.cpp" />
		<Unit filename="..\source\src\MaskBox.cpp" />
		<Unit filename="..\source\src\MaskCircle.cpp" />
		<Unit filename="..\source\src\MaskList.cpp" />
		<Unit filename="..\source\src\Music.cpp" />
		<Unit filename="..\source\src\MusicManager.cpp" />
		<Unit filename="..\source\src\MusicManagerItem.cpp" />
		<Unit filename="..\source\src\Sfx.cpp" />
		<Unit filename="..\source\src\SolidGrid.cpp" />
		<Unit filename="..\source\src\Sound.cpp" />
		<Unit filename="..\source\src\SoundEngine.cpp" />
		<Unit filename="..\source\src\SoundManager.cpp" />
		<Unit filename="..\source\src\SoundManagerItem.cpp" />
		<Unit filename="..\source\src\SpriteMap.cpp" />
		<Unit filename="..\source\src\Stamp.cpp" />
		<Unit filename="..\source\src\SurfaceManager.cpp" />
		<Unit filename="..\source\src\SurfaceManagerItem.cpp" />
		<Unit filename="..\source\src\TileMap.cpp" />
		<Unit filename="..\source\src\tileSet.cpp" />
		<Unit filename="..\source\testeo\Astrocat.cpp" />
		<Unit filename="..\source\testeo\Astrocat.h" />
		<Unit filename="..\source\testeo\OneGame.h" />
		<Unit filename="..\source\testeo\OneLevel.h" />
		<Unit filename="..\source\testeo\SpaceBullet.h" />
		<Unit filename="..\source\testeo\SpaceDude.h" />
		<Unit filename="..\source\testeo\main.cpp" />
		<Unit filename="..\source\testeo\particle.h" />
		<Extensions>
			<code_completion />
			<envvars />
			<debugger />
			<lib_finder disable_auto="1" />
		</Extensions>
	</Project>
</CodeBlocks_project_file>
