
Microsoft Visual Studio Solution File, Format Version 10.00
# Visual C++ Express 2008
Project("{8BC9CEB8-8B4A-11D0-8D11-00A0C91BC942}") = "pgze-static2008", "pgze-static2008.vcproj", "{91D0305F-57D8-4988-9608-907388518AB1}"
EndProject
Global
	GlobalSection(SolutionConfigurationPlatforms) = preSolution
		Debug|Win32 = Debug|Win32
		Release|Win32 = Release|Win32
	EndGlobalSection
	GlobalSection(ProjectConfigurationPlatforms) = postSolution
		{91D0305F-57D8-4988-9608-907388518AB1}.Debug|Win32.ActiveCfg = Debug|Win32
		{91D0305F-57D8-4988-9608-907388518AB1}.Debug|Win32.Build.0 = Debug|Win32
		{91D0305F-57D8-4988-9608-907388518AB1}.Release|Win32.ActiveCfg = Release|Win32
		{91D0305F-57D8-4988-9608-907388518AB1}.Release|Win32.Build.0 = Release|Win32
	EndGlobalSection
	GlobalSection(SolutionProperties) = preSolution
		HideSolutionNode = FALSE
	EndGlobalSection
EndGlobal
